// !$*UTF8*$!
{
	archiveVersion = 1;
	classes = {
	};
	objectVersion = 56;
	objects = {

/* Begin PBXBuildFile section */
		5D0CE7E22C5EB6B90058EB91 /* ToggleButtonView.swift in Sources */ = {isa = PBXBuildFile; fileRef = 5D0CE7E12C5EB6B90058EB91 /* ToggleButtonView.swift */; };
		5D0CE7E42C5ED97C0058EB91 /* CollectionExtension.swift in Sources */ = {isa = PBXBuildFile; fileRef = 5D0CE7E32C5ED97C0058EB91 /* CollectionExtension.swift */; };
		5D0CE7E82C5FC3F80058EB91 /* Metadata.swift in Sources */ = {isa = PBXBuildFile; fileRef = 5D0CE7E72C5FC3F80058EB91 /* Metadata.swift */; };
		5D0CE7EA2C5FC4370058EB91 /* BookPlayMainView.swift in Sources */ = {isa = PBXBuildFile; fileRef = 5D0CE7E92C5FC4370058EB91 /* BookPlayMainView.swift */; };
		5D0CE7F02C5FC8250058EB91 /* ScrollWithFadedEdgesView.swift in Sources */ = {isa = PBXBuildFile; fileRef = 5D0CE7EF2C5FC8250058EB91 /* ScrollWithFadedEdgesView.swift */; };
		5D0CE7F22C5FCB540058EB91 /* BookPlayerComponentReducer.swift in Sources */ = {isa = PBXBuildFile; fileRef = 5D0CE7F12C5FCB540058EB91 /* BookPlayerComponentReducer.swift */; };
		5D0CE7F42C5FD13F0058EB91 /* APIClient.swift in Sources */ = {isa = PBXBuildFile; fileRef = 5D0CE7F32C5FD13F0058EB91 /* APIClient.swift */; };
		5D0CE7F62C5FEC770058EB91 /* PlayerClient.swift in Sources */ = {isa = PBXBuildFile; fileRef = 5D0CE7F52C5FEC770058EB91 /* PlayerClient.swift */; };
		5D8017642C5CE0C800C79055 /* BookPlayerComponentView.swift in Sources */ = {isa = PBXBuildFile; fileRef = 5D8017632C5CE0C800C79055 /* BookPlayerComponentView.swift */; };
		5DD2D6A82C5B5ED600856F6B /* ComposableArchitecture in Frameworks */ = {isa = PBXBuildFile; productRef = 5DD2D6A72C5B5ED600856F6B /* ComposableArchitecture */; };
		5DEEE6732C5AC79300506B97 /* BookPlayTCAApp.swift in Sources */ = {isa = PBXBuildFile; fileRef = 5DEEE6722C5AC79300506B97 /* BookPlayTCAApp.swift */; };
		5DEEE6752C5AC79300506B97 /* BookPlayMainReducer.swift in Sources */ = {isa = PBXBuildFile; fileRef = 5DEEE6742C5AC79300506B97 /* BookPlayMainReducer.swift */; };
		5DEEE6772C5AC79400506B97 /* Assets.xcassets in Resources */ = {isa = PBXBuildFile; fileRef = 5DEEE6762C5AC79400506B97 /* Assets.xcassets */; };
		5DEEE67A2C5AC79400506B97 /* Preview Assets.xcassets in Resources */ = {isa = PBXBuildFile; fileRef = 5DEEE6792C5AC79400506B97 /* Preview Assets.xcassets */; };
		5DEEE6842C5AC79400506B97 /* BookPlayTCATests.swift in Sources */ = {isa = PBXBuildFile; fileRef = 5DEEE6832C5AC79400506B97 /* BookPlayTCATests.swift */; };
		5DEEE68E2C5AC79500506B97 /* BookPlayTCAUITests.swift in Sources */ = {isa = PBXBuildFile; fileRef = 5DEEE68D2C5AC79500506B97 /* BookPlayTCAUITests.swift */; };
		5DEEE6902C5AC79500506B97 /* BookPlayTCAUITestsLaunchTests.swift in Sources */ = {isa = PBXBuildFile; fileRef = 5DEEE68F2C5AC79500506B97 /* BookPlayTCAUITestsLaunchTests.swift */; };
/* End PBXBuildFile section */

/* Begin PBXContainerItemProxy section */
		5DEEE6802C5AC79400506B97 /* PBXContainerItemProxy */ = {
			isa = PBXContainerItemProxy;
			containerPortal = 5DEEE6672C5AC79300506B97 /* Project object */;
			proxyType = 1;
			remoteGlobalIDString = 5DEEE66E2C5AC79300506B97;
			remoteInfo = BookPlayTCA;
		};
		5DEEE68A2C5AC79500506B97 /* PBXContainerItemProxy */ = {
			isa = PBXContainerItemProxy;
			containerPortal = 5DEEE6672C5AC79300506B97 /* Project object */;
			proxyType = 1;
			remoteGlobalIDString = 5DEEE66E2C5AC79300506B97;
			remoteInfo = BookPlayTCA;
		};
/* End PBXContainerItemProxy section */

/* Begin PBXFileReference section */
		5D0CE7E12C5EB6B90058EB91 /* ToggleButtonView.swift */ = {isa = PBXFileReference; lastKnownFileType = sourcecode.swift; path = ToggleButtonView.swift; sourceTree = "<group>"; };
		5D0CE7E32C5ED97C0058EB91 /* CollectionExtension.swift */ = {isa = PBXFileReference; lastKnownFileType = sourcecode.swift; path = CollectionExtension.swift; sourceTree = "<group>"; };
		5D0CE7E72C5FC3F80058EB91 /* Metadata.swift */ = {isa = PBXFileReference; lastKnownFileType = sourcecode.swift; path = Metadata.swift; sourceTree = "<group>"; };
		5D0CE7E92C5FC4370058EB91 /* BookPlayMainView.swift */ = {isa = PBXFileReference; lastKnownFileType = sourcecode.swift; path = BookPlayMainView.swift; sourceTree = "<group>"; };
		5D0CE7EF2C5FC8250058EB91 /* ScrollWithFadedEdgesView.swift */ = {isa = PBXFileReference; lastKnownFileType = sourcecode.swift; path = ScrollWithFadedEdgesView.swift; sourceTree = "<group>"; };
		5D0CE7F12C5FCB540058EB91 /* BookPlayerComponentReducer.swift */ = {isa = PBXFileReference; lastKnownFileType = sourcecode.swift; path = BookPlayerComponentReducer.swift; sourceTree = "<group>"; };
		5D0CE7F32C5FD13F0058EB91 /* APIClient.swift */ = {isa = PBXFileReference; lastKnownFileType = sourcecode.swift; path = APIClient.swift; sourceTree = "<group>"; };
		5D0CE7F52C5FEC770058EB91 /* PlayerClient.swift */ = {isa = PBXFileReference; lastKnownFileType = sourcecode.swift; path = PlayerClient.swift; sourceTree = "<group>"; };
		5D8017632C5CE0C800C79055 /* BookPlayerComponentView.swift */ = {isa = PBXFileReference; lastKnownFileType = sourcecode.swift; path = BookPlayerComponentView.swift; sourceTree = "<group>"; };
		5DEEE66F2C5AC79300506B97 /* BookPlayTCA.app */ = {isa = PBXFileReference; explicitFileType = wrapper.application; includeInIndex = 0; path = BookPlayTCA.app; sourceTree = BUILT_PRODUCTS_DIR; };
		5DEEE6722C5AC79300506B97 /* BookPlayTCAApp.swift */ = {isa = PBXFileReference; lastKnownFileType = sourcecode.swift; path = BookPlayTCAApp.swift; sourceTree = "<group>"; };
		5DEEE6742C5AC79300506B97 /* BookPlayMainReducer.swift */ = {isa = PBXFileReference; lastKnownFileType = sourcecode.swift; path = BookPlayMainReducer.swift; sourceTree = "<group>"; };
		5DEEE6762C5AC79400506B97 /* Assets.xcassets */ = {isa = PBXFileReference; lastKnownFileType = folder.assetcatalog; path = Assets.xcassets; sourceTree = "<group>"; };
		5DEEE6792C5AC79400506B97 /* Preview Assets.xcassets */ = {isa = PBXFileReference; lastKnownFileType = folder.assetcatalog; path = "Preview Assets.xcassets"; sourceTree = "<group>"; };
		5DEEE67F2C5AC79400506B97 /* BookPlayTCATests.xctest */ = {isa = PBXFileReference; explicitFileType = wrapper.cfbundle; includeInIndex = 0; path = BookPlayTCATests.xctest; sourceTree = BUILT_PRODUCTS_DIR; };
		5DEEE6832C5AC79400506B97 /* BookPlayTCATests.swift */ = {isa = PBXFileReference; lastKnownFileType = sourcecode.swift; path = BookPlayTCATests.swift; sourceTree = "<group>"; };
		5DEEE6892C5AC79500506B97 /* BookPlayTCAUITests.xctest */ = {isa = PBXFileReference; explicitFileType = wrapper.cfbundle; includeInIndex = 0; path = BookPlayTCAUITests.xctest; sourceTree = BUILT_PRODUCTS_DIR; };
		5DEEE68D2C5AC79500506B97 /* BookPlayTCAUITests.swift */ = {isa = PBXFileReference; lastKnownFileType = sourcecode.swift; path = BookPlayTCAUITests.swift; sourceTree = "<group>"; };
		5DEEE68F2C5AC79500506B97 /* BookPlayTCAUITestsLaunchTests.swift */ = {isa = PBXFileReference; lastKnownFileType = sourcecode.swift; path = BookPlayTCAUITestsLaunchTests.swift; sourceTree = "<group>"; };
/* End PBXFileReference section */

/* Begin PBXFrameworksBuildPhase section */
		5DEEE66C2C5AC79300506B97 /* Frameworks */ = {
			isa = PBXFrameworksBuildPhase;
			buildActionMask = 2147483647;
			files = (
				5DD2D6A82C5B5ED600856F6B /* ComposableArchitecture in Frameworks */,
			);
			runOnlyForDeploymentPostprocessing = 0;
		};
		5DEEE67C2C5AC79400506B97 /* Frameworks */ = {
			isa = PBXFrameworksBuildPhase;
			buildActionMask = 2147483647;
			files = (
			);
			runOnlyForDeploymentPostprocessing = 0;
		};
		5DEEE6862C5AC79500506B97 /* Frameworks */ = {
			isa = PBXFrameworksBuildPhase;
			buildActionMask = 2147483647;
			files = (
			);
			runOnlyForDeploymentPostprocessing = 0;
		};
/* End PBXFrameworksBuildPhase section */

/* Begin PBXGroup section */
		5D0CE7E52C5FC3D90058EB91 /* MainScreen */ = {
			isa = PBXGroup;
			children = (
				5D0CE7E62C5FC3EB0058EB91 /* Model */,
				5D0CE7E92C5FC4370058EB91 /* BookPlayMainView.swift */,
				5DEEE6742C5AC79300506B97 /* BookPlayMainReducer.swift */,
			);
			path = MainScreen;
			sourceTree = "<group>";
		};
		5D0CE7E62C5FC3EB0058EB91 /* Model */ = {
			isa = PBXGroup;
			children = (
				5D0CE7E72C5FC3F80058EB91 /* Metadata.swift */,
			);
			path = Model;
			sourceTree = "<group>";
		};
		5D0CE7EB2C5FC46B0058EB91 /* Services */ = {
			isa = PBXGroup;
			children = (
				5D0CE7F32C5FD13F0058EB91 /* APIClient.swift */,
				5D0CE7F52C5FEC770058EB91 /* PlayerClient.swift */,
			);
			path = Services;
			sourceTree = "<group>";
		};
		5D0CE7EC2C5FC47E0058EB91 /* PlayerComponent */ = {
			isa = PBXGroup;
			children = (
				5D8017632C5CE0C800C79055 /* BookPlayerComponentView.swift */,
				5D0CE7F12C5FCB540058EB91 /* BookPlayerComponentReducer.swift */,
			);
			path = PlayerComponent;
			sourceTree = "<group>";
		};
		5D0CE7ED2C5FC4A90058EB91 /* Extensions */ = {
			isa = PBXGroup;
			children = (
				5D0CE7E32C5ED97C0058EB91 /* CollectionExtension.swift */,
			);
			path = Extensions;
			sourceTree = "<group>";
		};
		5D0CE7EE2C5FC5890058EB91 /* UIControls */ = {
			isa = PBXGroup;
			children = (
				5D0CE7E12C5EB6B90058EB91 /* ToggleButtonView.swift */,
				5D0CE7EF2C5FC8250058EB91 /* ScrollWithFadedEdgesView.swift */,
			);
			path = UIControls;
			sourceTree = "<group>";
		};
		5DD2D6A62C5B5ED600856F6B /* Frameworks */ = {
			isa = PBXGroup;
			children = (
			);
			name = Frameworks;
			sourceTree = "<group>";
		};
		5DEEE6662C5AC79300506B97 = {
			isa = PBXGroup;
			children = (
				5DEEE6712C5AC79300506B97 /* BookPlayTCA */,
				5DEEE6822C5AC79400506B97 /* BookPlayTCATests */,
				5DEEE68C2C5AC79500506B97 /* BookPlayTCAUITests */,
				5DEEE6702C5AC79300506B97 /* Products */,
				5DD2D6A62C5B5ED600856F6B /* Frameworks */,
			);
			sourceTree = "<group>";
		};
		5DEEE6702C5AC79300506B97 /* Products */ = {
			isa = PBXGroup;
			children = (
				5DEEE66F2C5AC79300506B97 /* BookPlayTCA.app */,
				5DEEE67F2C5AC79400506B97 /* BookPlayTCATests.xctest */,
				5DEEE6892C5AC79500506B97 /* BookPlayTCAUITests.xctest */,
			);
			name = Products;
			sourceTree = "<group>";
		};
		5DEEE6712C5AC79300506B97 /* BookPlayTCA */ = {
			isa = PBXGroup;
			children = (
				5DEEE6722C5AC79300506B97 /* BookPlayTCAApp.swift */,
				5D0CE7E52C5FC3D90058EB91 /* MainScreen */,
				5D0CE7EC2C5FC47E0058EB91 /* PlayerComponent */,
				5D0CE7EB2C5FC46B0058EB91 /* Services */,
				5D0CE7ED2C5FC4A90058EB91 /* Extensions */,
				5D0CE7EE2C5FC5890058EB91 /* UIControls */,
				5DEEE6762C5AC79400506B97 /* Assets.xcassets */,
				5DEEE6782C5AC79400506B97 /* Preview Content */,
			);
			path = BookPlayTCA;
			sourceTree = "<group>";
		};
		5DEEE6782C5AC79400506B97 /* Preview Content */ = {
			isa = PBXGroup;
			children = (
				5DEEE6792C5AC79400506B97 /* Preview Assets.xcassets */,
			);
			path = "Preview Content";
			sourceTree = "<group>";
		};
		5DEEE6822C5AC79400506B97 /* BookPlayTCATests */ = {
			isa = PBXGroup;
			children = (
				5DEEE6832C5AC79400506B97 /* BookPlayTCATests.swift */,
			);
			path = BookPlayTCATests;
			sourceTree = "<group>";
		};
		5DEEE68C2C5AC79500506B97 /* BookPlayTCAUITests */ = {
			isa = PBXGroup;
			children = (
				5DEEE68D2C5AC79500506B97 /* BookPlayTCAUITests.swift */,
				5DEEE68F2C5AC79500506B97 /* BookPlayTCAUITestsLaunchTests.swift */,
			);
			path = BookPlayTCAUITests;
			sourceTree = "<group>";
		};
/* End PBXGroup section */

/* Begin PBXNativeTarget section */
		5DEEE66E2C5AC79300506B97 /* BookPlayTCA */ = {
			isa = PBXNativeTarget;
			buildConfigurationList = 5DEEE6932C5AC79500506B97 /* Build configuration list for PBXNativeTarget "BookPlayTCA" */;
			buildPhases = (
				5DEEE66B2C5AC79300506B97 /* Sources */,
				5DEEE66C2C5AC79300506B97 /* Frameworks */,
				5DEEE66D2C5AC79300506B97 /* Resources */,
			);
			buildRules = (
			);
			dependencies = (
			);
			name = BookPlayTCA;
			packageProductDependencies = (
				5DD2D6A72C5B5ED600856F6B /* ComposableArchitecture */,
			);
			productName = BookPlayTCA;
			productReference = 5DEEE66F2C5AC79300506B97 /* BookPlayTCA.app */;
			productType = "com.apple.product-type.application";
		};
		5DEEE67E2C5AC79400506B97 /* BookPlayTCATests */ = {
			isa = PBXNativeTarget;
			buildConfigurationList = 5DEEE6962C5AC79500506B97 /* Build configuration list for PBXNativeTarget "BookPlayTCATests" */;
			buildPhases = (
				5DEEE67B2C5AC79400506B97 /* Sources */,
				5DEEE67C2C5AC79400506B97 /* Frameworks */,
				5DEEE67D2C5AC79400506B97 /* Resources */,
			);
			buildRules = (
			);
			dependencies = (
				5DEEE6812C5AC79400506B97 /* PBXTargetDependency */,
			);
			name = BookPlayTCATests;
			productName = BookPlayTCATests;
			productReference = 5DEEE67F2C5AC79400506B97 /* BookPlayTCATests.xctest */;
			productType = "com.apple.product-type.bundle.unit-test";
		};
		5DEEE6882C5AC79500506B97 /* BookPlayTCAUITests */ = {
			isa = PBXNativeTarget;
			buildConfigurationList = 5DEEE6992C5AC79500506B97 /* Build configuration list for PBXNativeTarget "BookPlayTCAUITests" */;
			buildPhases = (
				5DEEE6852C5AC79500506B97 /* Sources */,
				5DEEE6862C5AC79500506B97 /* Frameworks */,
				5DEEE6872C5AC79500506B97 /* Resources */,
			);
			buildRules = (
			);
			dependencies = (
				5DEEE68B2C5AC79500506B97 /* PBXTargetDependency */,
			);
			name = BookPlayTCAUITests;
			productName = BookPlayTCAUITests;
			productReference = 5DEEE6892C5AC79500506B97 /* BookPlayTCAUITests.xctest */;
			productType = "com.apple.product-type.bundle.ui-testing";
		};
/* End PBXNativeTarget section */

/* Begin PBXProject section */
		5DEEE6672C5AC79300506B97 /* Project object */ = {
			isa = PBXProject;
			attributes = {
				BuildIndependentTargetsInParallel = 1;
				LastSwiftUpdateCheck = 1530;
				LastUpgradeCheck = 1530;
				TargetAttributes = {
					5DEEE66E2C5AC79300506B97 = {
						CreatedOnToolsVersion = 15.3;
					};
					5DEEE67E2C5AC79400506B97 = {
						CreatedOnToolsVersion = 15.3;
						TestTargetID = 5DEEE66E2C5AC79300506B97;
					};
					5DEEE6882C5AC79500506B97 = {
						CreatedOnToolsVersion = 15.3;
						TestTargetID = 5DEEE66E2C5AC79300506B97;
					};
				};
			};
			buildConfigurationList = 5DEEE66A2C5AC79300506B97 /* Build configuration list for PBXProject "BookPlayTCA" */;
			compatibilityVersion = "Xcode 14.0";
			developmentRegion = en;
			hasScannedForEncodings = 0;
			knownRegions = (
				en,
				Base,
			);
			mainGroup = 5DEEE6662C5AC79300506B97;
			packageReferences = (
				5DD2D6A52C5ADE2500856F6B /* XCRemoteSwiftPackageReference "swift-composable-architecture" */,
			);
			productRefGroup = 5DEEE6702C5AC79300506B97 /* Products */;
			projectDirPath = "";
			projectRoot = "";
			targets = (
				5DEEE66E2C5AC79300506B97 /* BookPlayTCA */,
				5DEEE67E2C5AC79400506B97 /* BookPlayTCATests */,
				5DEEE6882C5AC79500506B97 /* BookPlayTCAUITests */,
			);
		};
/* End PBXProject section */

/* Begin PBXResourcesBuildPhase section */
		5DEEE66D2C5AC79300506B97 /* Resources */ = {
			isa = PBXResourcesBuildPhase;
			buildActionMask = 2147483647;
			files = (
				5DEEE67A2C5AC79400506B97 /* Preview Assets.xcassets in Resources */,
				5DEEE6772C5AC79400506B97 /* Assets.xcassets in Resources */,
			);
			runOnlyForDeploymentPostprocessing = 0;
		};
		5DEEE67D2C5AC79400506B97 /* Resources */ = {
			isa = PBXResourcesBuildPhase;
			buildActionMask = 2147483647;
			files = (
			);
			runOnlyForDeploymentPostprocessing = 0;
		};
		5DEEE6872C5AC79500506B97 /* Resources */ = {
			isa = PBXResourcesBuildPhase;
			buildActionMask = 2147483647;
			files = (
			);
			runOnlyForDeploymentPostprocessing = 0;
		};
/* End PBXResourcesBuildPhase section */

/* Begin PBXSourcesBuildPhase section */
		5DEEE66B2C5AC79300506B97 /* Sources */ = {
			isa = PBXSourcesBuildPhase;
			buildActionMask = 2147483647;
			files = (
				5D0CE7EA2C5FC4370058EB91 /* BookPlayMainView.swift in Sources */,
				5D0CE7F22C5FCB540058EB91 /* BookPlayerComponentReducer.swift in Sources */,
				5DEEE6752C5AC79300506B97 /* BookPlayMainReducer.swift in Sources */,
				5D8017642C5CE0C800C79055 /* BookPlayerComponentView.swift in Sources */,
				5D0CE7E22C5EB6B90058EB91 /* ToggleButtonView.swift in Sources */,
				5D0CE7E42C5ED97C0058EB91 /* CollectionExtension.swift in Sources */,
				5D0CE7E82C5FC3F80058EB91 /* Metadata.swift in Sources */,
				5DEEE6732C5AC79300506B97 /* BookPlayTCAApp.swift in Sources */,
				5D0CE7F02C5FC8250058EB91 /* ScrollWithFadedEdgesView.swift in Sources */,
				5D0CE7F62C5FEC770058EB91 /* PlayerClient.swift in Sources */,
				5D0CE7F42C5FD13F0058EB91 /* APIClient.swift in Sources */,
			);
			runOnlyForDeploymentPostprocessing = 0;
		};
		5DEEE67B2C5AC79400506B97 /* Sources */ = {
			isa = PBXSourcesBuildPhase;
			buildActionMask = 2147483647;
			files = (
				5DEEE6842C5AC79400506B97 /* BookPlayTCATests.swift in Sources */,
			);
			runOnlyForDeploymentPostprocessing = 0;
		};
		5DEEE6852C5AC79500506B97 /* Sources */ = {
			isa = PBXSourcesBuildPhase;
			buildActionMask = 2147483647;
			files = (
				5DEEE6902C5AC79500506B97 /* BookPlayTCAUITestsLaunchTests.swift in Sources */,
				5DEEE68E2C5AC79500506B97 /* BookPlayTCAUITests.swift in Sources */,
			);
			runOnlyForDeploymentPostprocessing = 0;
		};
/* End PBXSourcesBuildPhase section */

/* Begin PBXTargetDependency section */
		5DEEE6812C5AC79400506B97 /* PBXTargetDependency */ = {
			isa = PBXTargetDependency;
			target = 5DEEE66E2C5AC79300506B97 /* BookPlayTCA */;
			targetProxy = 5DEEE6802C5AC79400506B97 /* PBXContainerItemProxy */;
		};
		5DEEE68B2C5AC79500506B97 /* PBXTargetDependency */ = {
			isa = PBXTargetDependency;
			target = 5DEEE66E2C5AC79300506B97 /* BookPlayTCA */;
			targetProxy = 5DEEE68A2C5AC79500506B97 /* PBXContainerItemProxy */;
		};
/* End PBXTargetDependency section */

/* Begin XCBuildConfiguration section */
		5DEEE6912C5AC79500506B97 /* Debug */ = {
			isa = XCBuildConfiguration;
			buildSettings = {
				ALWAYS_SEARCH_USER_PATHS = NO;
				ASSETCATALOG_COMPILER_GENERATE_SWIFT_ASSET_SYMBOL_EXTENSIONS = YES;
				CLANG_ANALYZER_NONNULL = YES;
				CLANG_ANALYZER_NUMBER_OBJECT_CONVERSION = YES_AGGRESSIVE;
				CLANG_CXX_LANGUAGE_STANDARD = "gnu++20";
				CLANG_ENABLE_MODULES = YES;
				CLANG_ENABLE_OBJC_ARC = YES;
				CLANG_ENABLE_OBJC_WEAK = YES;
				CLANG_WARN_BLOCK_CAPTURE_AUTORELEASING = YES;
				CLANG_WARN_BOOL_CONVERSION = YES;
				CLANG_WARN_COMMA = YES;
				CLANG_WARN_CONSTANT_CONVERSION = YES;
				CLANG_WARN_DEPRECATED_OBJC_IMPLEMENTATIONS = YES;
				CLANG_WARN_DIRECT_OBJC_ISA_USAGE = YES_ERROR;
				CLANG_WARN_DOCUMENTATION_COMMENTS = YES;
				CLANG_WARN_EMPTY_BODY = YES;
				CLANG_WARN_ENUM_CONVERSION = YES;
				CLANG_WARN_INFINITE_RECURSION = YES;
				CLANG_WARN_INT_CONVERSION = YES;
				CLANG_WARN_NON_LITERAL_NULL_CONVERSION = YES;
				CLANG_WARN_OBJC_IMPLICIT_RETAIN_SELF = YES;
				CLANG_WARN_OBJC_LITERAL_CONVERSION = YES;
				CLANG_WARN_OBJC_ROOT_CLASS = YES_ERROR;
				CLANG_WARN_QUOTED_INCLUDE_IN_FRAMEWORK_HEADER = YES;
				CLANG_WARN_RANGE_LOOP_ANALYSIS = YES;
				CLANG_WARN_STRICT_PROTOTYPES = YES;
				CLANG_WARN_SUSPICIOUS_MOVE = YES;
				CLANG_WARN_UNGUARDED_AVAILABILITY = YES_AGGRESSIVE;
				CLANG_WARN_UNREACHABLE_CODE = YES;
				CLANG_WARN__DUPLICATE_METHOD_MATCH = YES;
				COPY_PHASE_STRIP = NO;
				DEBUG_INFORMATION_FORMAT = dwarf;
				ENABLE_STRICT_OBJC_MSGSEND = YES;
				ENABLE_TESTABILITY = YES;
				ENABLE_USER_SCRIPT_SANDBOXING = YES;
				GCC_C_LANGUAGE_STANDARD = gnu17;
				GCC_DYNAMIC_NO_PIC = NO;
				GCC_NO_COMMON_BLOCKS = YES;
				GCC_OPTIMIZATION_LEVEL = 0;
				GCC_PREPROCESSOR_DEFINITIONS = (
					"DEBUG=1",
					"$(inherited)",
				);
				GCC_WARN_64_TO_32_BIT_CONVERSION = YES;
				GCC_WARN_ABOUT_RETURN_TYPE = YES_ERROR;
				GCC_WARN_UNDECLARED_SELECTOR = YES;
				GCC_WARN_UNINITIALIZED_AUTOS = YES_AGGRESSIVE;
				GCC_WARN_UNUSED_FUNCTION = YES;
				GCC_WARN_UNUSED_VARIABLE = YES;
				IPHONEOS_DEPLOYMENT_TARGET = 17.4;
				LOCALIZATION_PREFERS_STRING_CATALOGS = YES;
				MTL_ENABLE_DEBUG_INFO = INCLUDE_SOURCE;
				MTL_FAST_MATH = YES;
				ONLY_ACTIVE_ARCH = YES;
				SDKROOT = iphoneos;
				SWIFT_ACTIVE_COMPILATION_CONDITIONS = "DEBUG $(inherited)";
				SWIFT_OPTIMIZATION_LEVEL = "-Onone";
			};
			name = Debug;
		};
		5DEEE6922C5AC79500506B97 /* Release */ = {
			isa = XCBuildConfiguration;
			buildSettings = {
				ALWAYS_SEARCH_USER_PATHS = NO;
				ASSETCATALOG_COMPILER_GENERATE_SWIFT_ASSET_SYMBOL_EXTENSIONS = YES;
				CLANG_ANALYZER_NONNULL = YES;
				CLANG_ANALYZER_NUMBER_OBJECT_CONVERSION = YES_AGGRESSIVE;
				CLANG_CXX_LANGUAGE_STANDARD = "gnu++20";
				CLANG_ENABLE_MODULES = YES;
				CLANG_ENABLE_OBJC_ARC = YES;
				CLANG_ENABLE_OBJC_WEAK = YES;
				CLANG_WARN_BLOCK_CAPTURE_AUTORELEASING = YES;
				CLANG_WARN_BOOL_CONVERSION = YES;
				CLANG_WARN_COMMA = YES;
				CLANG_WARN_CONSTANT_CONVERSION = YES;
				CLANG_WARN_DEPRECATED_OBJC_IMPLEMENTATIONS = YES;
				CLANG_WARN_DIRECT_OBJC_ISA_USAGE = YES_ERROR;
				CLANG_WARN_DOCUMENTATION_COMMENTS = YES;
				CLANG_WARN_EMPTY_BODY = YES;
				CLANG_WARN_ENUM_CONVERSION = YES;
				CLANG_WARN_INFINITE_RECURSION = YES;
				CLANG_WARN_INT_CONVERSION = YES;
				CLANG_WARN_NON_LITERAL_NULL_CONVERSION = YES;
				CLANG_WARN_OBJC_IMPLICIT_RETAIN_SELF = YES;
				CLANG_WARN_OBJC_LITERAL_CONVERSION = YES;
				CLANG_WARN_OBJC_ROOT_CLASS = YES_ERROR;
				CLANG_WARN_QUOTED_INCLUDE_IN_FRAMEWORK_HEADER = YES;
				CLANG_WARN_RANGE_LOOP_ANALYSIS = YES;
				CLANG_WARN_STRICT_PROTOTYPES = YES;
				CLANG_WARN_SUSPICIOUS_MOVE = YES;
				CLANG_WARN_UNGUARDED_AVAILABILITY = YES_AGGRESSIVE;
				CLANG_WARN_UNREACHABLE_CODE = YES;
				CLANG_WARN__DUPLICATE_METHOD_MATCH = YES;
				COPY_PHASE_STRIP = NO;
				DEBUG_INFORMATION_FORMAT = "dwarf-with-dsym";
				ENABLE_NS_ASSERTIONS = NO;
				ENABLE_STRICT_OBJC_MSGSEND = YES;
				ENABLE_USER_SCRIPT_SANDBOXING = YES;
				GCC_C_LANGUAGE_STANDARD = gnu17;
				GCC_NO_COMMON_BLOCKS = YES;
				GCC_WARN_64_TO_32_BIT_CONVERSION = YES;
				GCC_WARN_ABOUT_RETURN_TYPE = YES_ERROR;
				GCC_WARN_UNDECLARED_SELECTOR = YES;
				GCC_WARN_UNINITIALIZED_AUTOS = YES_AGGRESSIVE;
				GCC_WARN_UNUSED_FUNCTION = YES;
				GCC_WARN_UNUSED_VARIABLE = YES;
				IPHONEOS_DEPLOYMENT_TARGET = 17.4;
				LOCALIZATION_PREFERS_STRING_CATALOGS = YES;
				MTL_ENABLE_DEBUG_INFO = NO;
				MTL_FAST_MATH = YES;
				SDKROOT = iphoneos;
				SWIFT_COMPILATION_MODE = wholemodule;
				VALIDATE_PRODUCT = YES;
			};
			name = Release;
		};
		5DEEE6942C5AC79500506B97 /* Debug */ = {
			isa = XCBuildConfiguration;
			buildSettings = {
				ASSETCATALOG_COMPILER_APPICON_NAME = AppIcon;
				ASSETCATALOG_COMPILER_GLOBAL_ACCENT_COLOR_NAME = AccentColor;
				CODE_SIGN_STYLE = Automatic;
				CURRENT_PROJECT_VERSION = 1;
				DEVELOPMENT_ASSET_PATHS = "\"BookPlayTCA/Preview Content\"";
				ENABLE_PREVIEWS = YES;
				GENERATE_INFOPLIST_FILE = YES;
				INFOPLIST_KEY_UIApplicationSceneManifest_Generation = YES;
				INFOPLIST_KEY_UIApplicationSupportsIndirectInputEvents = YES;
				INFOPLIST_KEY_UILaunchScreen_Generation = YES;
				INFOPLIST_KEY_UISupportedInterfaceOrientations_iPad = "UIInterfaceOrientationPortrait UIInterfaceOrientationPortraitUpsideDown UIInterfaceOrientationLandscapeLeft UIInterfaceOrientationLandscapeRight";
				INFOPLIST_KEY_UISupportedInterfaceOrientations_iPhone = "UIInterfaceOrientationPortrait UIInterfaceOrientationLandscapeLeft UIInterfaceOrientationLandscapeRight";
				LD_RUNPATH_SEARCH_PATHS = (
					"$(inherited)",
					"@executable_path/Frameworks",
				);
				MARKETING_VERSION = 1.0;
				PRODUCT_BUNDLE_IDENTIFIER = personal.BookPlayTCA;
				PRODUCT_NAME = "$(TARGET_NAME)";
				SWIFT_EMIT_LOC_STRINGS = YES;
				SWIFT_VERSION = 5.0;
				TARGETED_DEVICE_FAMILY = "1,2";
			};
			name = Debug;
		};
		5DEEE6952C5AC79500506B97 /* Release */ = {
			isa = XCBuildConfiguration;
			buildSettings = {
				ASSETCATALOG_COMPILER_APPICON_NAME = AppIcon;
				ASSETCATALOG_COMPILER_GLOBAL_ACCENT_COLOR_NAME = AccentColor;
				CODE_SIGN_STYLE = Automatic;
				CURRENT_PROJECT_VERSION = 1;
				DEVELOPMENT_ASSET_PATHS = "\"BookPlayTCA/Preview Content\"";
				ENABLE_PREVIEWS = YES;
				GENERATE_INFOPLIST_FILE = YES;
				INFOPLIST_KEY_UIApplicationSceneManifest_Generation = YES;
				INFOPLIST_KEY_UIApplicationSupportsIndirectInputEvents = YES;
				INFOPLIST_KEY_UILaunchScreen_Generation = YES;
				INFOPLIST_KEY_UISupportedInterfaceOrientations_iPad = "UIInterfaceOrientationPortrait UIInterfaceOrientationPortraitUpsideDown UIInterfaceOrientationLandscapeLeft UIInterfaceOrientationLandscapeRight";
				INFOPLIST_KEY_UISupportedInterfaceOrientations_iPhone = "UIInterfaceOrientationPortrait UIInterfaceOrientationLandscapeLeft UIInterfaceOrientationLandscapeRight";
				LD_RUNPATH_SEARCH_PATHS = (
					"$(inherited)",
					"@executable_path/Frameworks",
				);
				MARKETING_VERSION = 1.0;
				PRODUCT_BUNDLE_IDENTIFIER = personal.BookPlayTCA;
				PRODUCT_NAME = "$(TARGET_NAME)";
				SWIFT_EMIT_LOC_STRINGS = YES;
				SWIFT_VERSION = 5.0;
				TARGETED_DEVICE_FAMILY = "1,2";
			};
			name = Release;
		};
		5DEEE6972C5AC79500506B97 /* Debug */ = {
			isa = XCBuildConfiguration;
			buildSettings = {
				ALWAYS_EMBED_SWIFT_STANDARD_LIBRARIES = YES;
				BUNDLE_LOADER = "$(TEST_HOST)";
				CODE_SIGN_STYLE = Automatic;
				CURRENT_PROJECT_VERSION = 1;
				GENERATE_INFOPLIST_FILE = YES;
				IPHONEOS_DEPLOYMENT_TARGET = 17.4;
				MARKETING_VERSION = 1.0;
				PRODUCT_BUNDLE_IDENTIFIER = personal.BookPlayTCATests;
				PRODUCT_NAME = "$(TARGET_NAME)";
				SWIFT_EMIT_LOC_STRINGS = NO;
				SWIFT_VERSION = 5.0;
				TARGETED_DEVICE_FAMILY = "1,2";
				TEST_HOST = "$(BUILT_PRODUCTS_DIR)/BookPlayTCA.app/$(BUNDLE_EXECUTABLE_FOLDER_PATH)/BookPlayTCA";
			};
			name = Debug;
		};
		5DEEE6982C5AC79500506B97 /* Release */ = {
			isa = XCBuildConfiguration;
			buildSettings = {
				ALWAYS_EMBED_SWIFT_STANDARD_LIBRARIES = YES;
				BUNDLE_LOADER = "$(TEST_HOST)";
				CODE_SIGN_STYLE = Automatic;
				CURRENT_PROJECT_VERSION = 1;
				GENERATE_INFOPLIST_FILE = YES;
				IPHONEOS_DEPLOYMENT_TARGET = 17.4;
				MARKETING_VERSION = 1.0;
				PRODUCT_BUNDLE_IDENTIFIER = personal.BookPlayTCATests;
				PRODUCT_NAME = "$(TARGET_NAME)";
				SWIFT_EMIT_LOC_STRINGS = NO;
				SWIFT_VERSION = 5.0;
				TARGETED_DEVICE_FAMILY = "1,2";
				TEST_HOST = "$(BUILT_PRODUCTS_DIR)/BookPlayTCA.app/$(BUNDLE_EXECUTABLE_FOLDER_PATH)/BookPlayTCA";
			};
			name = Release;
		};
		5DEEE69A2C5AC79500506B97 /* Debug */ = {
			isa = XCBuildConfiguration;
			buildSettings = {
				ALWAYS_EMBED_SWIFT_STANDARD_LIBRARIES = YES;
				CODE_SIGN_STYLE = Automatic;
				CURRENT_PROJECT_VERSION = 1;
				GENERATE_INFOPLIST_FILE = YES;
				MARKETING_VERSION = 1.0;
				PRODUCT_BUNDLE_IDENTIFIER = personal.BookPlayTCAUITests;
				PRODUCT_NAME = "$(TARGET_NAME)";
				SWIFT_EMIT_LOC_STRINGS = NO;
				SWIFT_VERSION = 5.0;
				TARGETED_DEVICE_FAMILY = "1,2";
				TEST_TARGET_NAME = BookPlayTCA;
			};
			name = Debug;
		};
		5DEEE69B2C5AC79500506B97 /* Release */ = {
			isa = XCBuildConfiguration;
			buildSettings = {
				ALWAYS_EMBED_SWIFT_STANDARD_LIBRARIES = YES;
				CODE_SIGN_STYLE = Automatic;
				CURRENT_PROJECT_VERSION = 1;
				GENERATE_INFOPLIST_FILE = YES;
				MARKETING_VERSION = 1.0;
				PRODUCT_BUNDLE_IDENTIFIER = personal.BookPlayTCAUITests;
				PRODUCT_NAME = "$(TARGET_NAME)";
				SWIFT_EMIT_LOC_STRINGS = NO;
				SWIFT_VERSION = 5.0;
				TARGETED_DEVICE_FAMILY = "1,2";
				TEST_TARGET_NAME = BookPlayTCA;
			};
			name = Release;
		};
/* End XCBuildConfiguration section */

/* Begin XCConfigurationList section */
		5DEEE66A2C5AC79300506B97 /* Build configuration list for PBXProject "BookPlayTCA" */ = {
			isa = XCConfigurationList;
			buildConfigurations = (
				5DEEE6912C5AC79500506B97 /* Debug */,
				5DEEE6922C5AC79500506B97 /* Release */,
			);
			defaultConfigurationIsVisible = 0;
			defaultConfigurationName = Release;
		};
		5DEEE6932C5AC79500506B97 /* Build configuration list for PBXNativeTarget "BookPlayTCA" */ = {
			isa = XCConfigurationList;
			buildConfigurations = (
				5DEEE6942C5AC79500506B97 /* Debug */,
				5DEEE6952C5AC79500506B97 /* Release */,
			);
			defaultConfigurationIsVisible = 0;
			defaultConfigurationName = Release;
		};
		5DEEE6962C5AC79500506B97 /* Build configuration list for PBXNativeTarget "BookPlayTCATests" */ = {
			isa = XCConfigurationList;
			buildConfigurations = (
				5DEEE6972C5AC79500506B97 /* Debug */,
				5DEEE6982C5AC79500506B97 /* Release */,
			);
			defaultConfigurationIsVisible = 0;
			defaultConfigurationName = Release;
		};
		5DEEE6992C5AC79500506B97 /* Build configuration list for PBXNativeTarget "BookPlayTCAUITests" */ = {
			isa = XCConfigurationList;
			buildConfigurations = (
				5DEEE69A2C5AC79500506B97 /* Debug */,
				5DEEE69B2C5AC79500506B97 /* Release */,
			);
			defaultConfigurationIsVisible = 0;
			defaultConfigurationName = Release;
		};
/* End XCConfigurationList section */

/* Begin XCRemoteSwiftPackageReference section */
		5DD2D6A52C5ADE2500856F6B /* XCRemoteSwiftPackageReference "swift-composable-architecture" */ = {
			isa = XCRemoteSwiftPackageReference;
			repositoryURL = "https://github.com/pointfreeco/swift-composable-architecture";
			requirement = {
				kind = upToNextMajorVersion;
				minimumVersion = 1.12.1;
			};
		};
/* End XCRemoteSwiftPackageReference section */

/* Begin XCSwiftPackageProductDependency section */
		5DD2D6A72C5B5ED600856F6B /* ComposableArchitecture */ = {
			isa = XCSwiftPackageProductDependency;
			package = 5DD2D6A52C5ADE2500856F6B /* XCRemoteSwiftPackageReference "swift-composable-architecture" */;
			productName = ComposableArchitecture;
		};
/* End XCSwiftPackageProductDependency section */
	};
	rootObject = 5DEEE6672C5AC79300506B97 /* Project object */;
}
